
Microsoft Visual Studio Solution File, Format Version 12.00
# Visual Studio 14
VisualStudioVersion = 14.0.25420.1
MinimumVisualStudioVersion = 10.0.40219.1
Project("{FAE04EC0-301F-11D3-BF4B-00C04F79EFBC}") = "ABTestClient", "ABTestClient\ABTestClient.csproj", "{8B13EB12-06DF-4D19-B702-F106532EE5AB}"
EndProject
Project("{FAE04EC0-301F-11D3-BF4B-00C04F79EFBC}") = "Example", "Example\Example.csproj", "{C43DC938-B9A1-4882-B314-BC4BDEF68CD3}"
EndProject
Global
	GlobalSection(SolutionConfigurationPlatforms) = preSolution
		Debug|Any CPU = Debug|Any CPU
		Release|Any CPU = Release|Any CPU
	EndGlobalSection
	GlobalSection(ProjectConfigurationPlatforms) = postSolution
		{8B13EB12-06DF-4D19-B702-F106532EE5AB}.Debug|Any CPU.ActiveCfg = Debug|Any CPU
		{8B13EB12-06DF-4D19-B702-F106532EE5AB}.Debug|Any CPU.Build.0 = Debug|Any CPU
		{8B13EB12-06DF-4D19-B702-F106532EE5AB}.Release|Any CPU.ActiveCfg = Release|Any CPU
		{8B13EB12-06DF-4D19-B702-F106532EE5AB}.Release|Any CPU.Build.0 = Release|Any CPU
		{C43DC938-B9A1-4882-B314-BC4BDEF68CD3}.Debug|Any CPU.ActiveCfg = Debug|Any CPU
		{C43DC938-B9A1-4882-B314-BC4BDEF68CD3}.Debug|Any CPU.Build.0 = Debug|Any CPU
		{C43DC938-B9A1-4882-B314-BC4BDEF68CD3}.Release|Any CPU.ActiveCfg = Release|Any CPU
		{C43DC938-B9A1-4882-B314-BC4BDEF68CD3}.Release|Any CPU.Build.0 = Release|Any CPU
	EndGlobalSection
	GlobalSection(SolutionProperties) = preSolution
		HideSolutionNode = FALSE
	EndGlobalSection
EndGlobal
